
Microsoft Visual Studio Solution File, Format Version 12.00
# Visual Studio Version 17
VisualStudioVersion = 17.5.002.0
MinimumVisualStudioVersion = 10.0.40219.1
Project("{2150E333-8FDC-42A3-9474-1A3956D46DE8}") = "1", "1", "{B9C375A0-AC75-4C37-B92C-BCA52C06BA6A}"
EndProject
Project("{9A19103F-16F7-4668-BE54-9A1E7A4F7556}") = "practice", "1\practice\practice.csproj", "{D33AE97F-21D1-4521-BBF9-35E71A3F2008}"
EndProject
Global
	GlobalSection(SolutionConfigurationPlatforms) = preSolution
		Debug|Any CPU = Debug|Any CPU
		Release|Any CPU = Release|Any CPU
	EndGlobalSection
	GlobalSection(ProjectConfigurationPlatforms) = postSolution
		{D33AE97F-21D1-4521-BBF9-35E71A3F2008}.Debug|Any CPU.ActiveCfg = Debug|Any CPU
		{D33AE97F-21D1-4521-BBF9-35E71A3F2008}.Debug|Any CPU.Build.0 = Debug|Any CPU
		{D33AE97F-21D1-4521-BBF9-35E71A3F2008}.Release|Any CPU.ActiveCfg = Release|Any CPU
		{D33AE97F-21D1-4521-BBF9-35E71A3F2008}.Release|Any CPU.Build.0 = Release|Any CPU
	EndGlobalSection
	GlobalSection(SolutionProperties) = preSolution
		HideSolutionNode = FALSE
	EndGlobalSection
	GlobalSection(NestedProjects) = preSolution
		{D33AE97F-21D1-4521-BBF9-35E71A3F2008} = {B9C375A0-AC75-4C37-B92C-BCA52C06BA6A}
	EndGlobalSection
	GlobalSection(ExtensibilityGlobals) = postSolution
		SolutionGuid = {3797F572-AF9D-487E-A340-974569B5B901}
	EndGlobalSection
EndGlobal
